speakeasyVersion: 1.494.0
sources:
    my-source:
        sourceNamespace: my-source
        sourceRevisionDigest: sha256:5916c0159ebcbb240559785ff39e918cff268ef20f76f1d44cb2016912f5e41c
        sourceBlobDigest: sha256:0a96551170557ba3635f7769bd2f48fb35e76c8e546448c85c0a73245785c613
        tags:
            - latest
            - speakeasy-sdk-regen-1739897610
            - 1.0.0
targets:
    my-first-target:
        source: my-source
        sourceNamespace: my-source
        sourceRevisionDigest: sha256:5916c0159ebcbb240559785ff39e918cff268ef20f76f1d44cb2016912f5e41c
        sourceBlobDigest: sha256:0a96551170557ba3635f7769bd2f48fb35e76c8e546448c85c0a73245785c613
        codeSamplesNamespace: my-source-go-code-samples
        codeSamplesRevisionDigest: sha256:8d7964316a432f5b25c5f2bf749f99be66bccdfb0024af6ecc3a023e161345ce
workflow:
    workflowVersion: 1.0.0
    speakeasyVersion: latest
    sources:
        my-source:
            inputs:
                - location: https://raw.githubusercontent.com/payfone/prove-openapi/main/orchestration.yaml
                  authHeader: Authorization
                  authSecret: $OPENAPI_DOC_AUTH_TOKEN
            registry:
                location: registry.speakeasyapi.dev/prove/prove-dev/my-source
    targets:
        my-first-target:
            target: go
            source: my-source
            codeSamples:
                registry:
                    location: registry.speakeasyapi.dev/prove/prove-dev/my-source-go-code-samples
                blocking: false
