speakeasyVersion: 1.800.1
sources:
    my-source:
        sourceNamespace: my-source
        sourceRevisionDigest: sha256:c2a32fe390564af28a32f308a1e174f9ae96705469e2f80d4707031288d0f72e
        sourceBlobDigest: sha256:e4f3e81bbbea55043ab40efc4001ec16fd08cab39d3d2ef9e59026161aaf3149
        tags:
            - latest
            - 1.0.0
targets:
    my-first-target:
        source: my-source
        sourceNamespace: my-source
        sourceRevisionDigest: sha256:c2a32fe390564af28a32f308a1e174f9ae96705469e2f80d4707031288d0f72e
        sourceBlobDigest: sha256:e4f3e81bbbea55043ab40efc4001ec16fd08cab39d3d2ef9e59026161aaf3149
        codeSamplesNamespace: my-source-go-code-samples
        codeSamplesRevisionDigest: sha256:64ca5edf93d24e9519884a16325c9d581e8ae5d7c8d468bb2259dce861acc747
workflow:
    workflowVersion: 1.0.0
    speakeasyVersion: latest
    sources:
        my-source:
            inputs:
                - location: https://raw.githubusercontent.com/payfone/prove-openapi/main/orchestration.yaml
                  authHeader: Authorization
                  authSecret: $OPENAPI_DOC_AUTH_TOKEN
            registry:
                location: registry.speakeasyapi.dev/prove/prove-dev/my-source
    targets:
        my-first-target:
            target: go
            source: my-source
            codeSamples:
                output: codeSamples.yaml
                registry:
                    location: registry.speakeasyapi.dev/prove/prove-dev/my-source-go-code-samples
                blocking: false
