speakeasyVersion: 1.638.0
sources:
    my-source:
        sourceNamespace: my-source
        sourceRevisionDigest: sha256:2ff9634fcf4be50a3e2c82504e4d3e7080f93cc845baf14777a93210fbae918f
        sourceBlobDigest: sha256:7f21e522b6440475fec68f822fdabd017d9c4ec008ce564a637539e3e6560c99
        tags:
            - latest
            - speakeasy-sdk-regen-1761138501
            - 1.0.0
targets:
    my-first-target:
        source: my-source
        sourceNamespace: my-source
        sourceRevisionDigest: sha256:2ff9634fcf4be50a3e2c82504e4d3e7080f93cc845baf14777a93210fbae918f
        sourceBlobDigest: sha256:7f21e522b6440475fec68f822fdabd017d9c4ec008ce564a637539e3e6560c99
        codeSamplesNamespace: my-source-go-code-samples
        codeSamplesRevisionDigest: sha256:ed465015b80246b91fdf1d835f3f6c73b89c44df6fba195ef860c9b2a2a40b80
workflow:
    workflowVersion: 1.0.0
    speakeasyVersion: latest
    sources:
        my-source:
            inputs:
                - location: https://raw.githubusercontent.com/payfone/prove-openapi/main/orchestration.yaml
                  authHeader: Authorization
                  authSecret: $OPENAPI_DOC_AUTH_TOKEN
            registry:
                location: registry.speakeasyapi.dev/prove/prove-dev/my-source
    targets:
        my-first-target:
            target: go
            source: my-source
            codeSamples:
                output: codeSamples.yaml
                registry:
                    location: registry.speakeasyapi.dev/prove/prove-dev/my-source-go-code-samples
                blocking: false
